// !$*UTF8*$!
{
	archiveVersion = 1;
	classes = {
	};
	objectVersion = 56;
	objects = {

/* Begin PBXBuildFile section */
		600F98712A55E6930015A228 /* AccountListPopOverView.swift in Sources */ = {isa = PBXBuildFile; fileRef = 600F98702A55E6930015A228 /* AccountListPopOverView.swift */; };
		600F98732A56E8A20015A228 /* CustomTabView.swift in Sources */ = {isa = PBXBuildFile; fileRef = 600F98722A56E8A20015A228 /* CustomTabView.swift */; };
		600F98752A56E9ED0015A228 /* ManualCustomTabBar.swift in Sources */ = {isa = PBXBuildFile; fileRef = 600F98742A56E9ED0015A228 /* ManualCustomTabBar.swift */; };
		600F98772A56EADA0015A228 /* Tabs.swift in Sources */ = {isa = PBXBuildFile; fileRef = 600F98762A56EADA0015A228 /* Tabs.swift */; };
		600F98792A56ED5F0015A228 /* SingleItem.swift in Sources */ = {isa = PBXBuildFile; fileRef = 600F98782A56ED5F0015A228 /* SingleItem.swift */; };
		600F987E2A5723580015A228 /* TabBar in Frameworks */ = {isa = PBXBuildFile; productRef = 600F987D2A5723580015A228 /* TabBar */; };
		600F98812A57239F0015A228 /* CustomTabBar.swift in Sources */ = {isa = PBXBuildFile; fileRef = 600F98802A57239F0015A228 /* CustomTabBar.swift */; };
		600F98842A572BE30015A228 /* CustomTabBarStyle.swift in Sources */ = {isa = PBXBuildFile; fileRef = 600F98832A572BE30015A228 /* CustomTabBarStyle.swift */; };
		600F98862A572D3A0015A228 /* CustomTabItemStyle.swift in Sources */ = {isa = PBXBuildFile; fileRef = 600F98852A572D3A0015A228 /* CustomTabItemStyle.swift */; };
		601EE4682A4C57D600489E8C /* ExpenseTracker.xcdatamodeld in Sources */ = {isa = PBXBuildFile; fileRef = 601EE4662A4C57D600489E8C /* ExpenseTracker.xcdatamodeld */; };
		601EE4732A4C5F8500489E8C /* Profile+CoreDataClass.swift in Sources */ = {isa = PBXBuildFile; fileRef = 601EE46B2A4C5F8500489E8C /* Profile+CoreDataClass.swift */; };
		601EE4742A4C5F8500489E8C /* Profile+CoreDataProperties.swift in Sources */ = {isa = PBXBuildFile; fileRef = 601EE46C2A4C5F8500489E8C /* Profile+CoreDataProperties.swift */; };
		601EE4772A4C5F8500489E8C /* Account+CoreDataClass.swift in Sources */ = {isa = PBXBuildFile; fileRef = 601EE46F2A4C5F8500489E8C /* Account+CoreDataClass.swift */; };
		601EE4782A4C5F8500489E8C /* Account+CoreDataProperties.swift in Sources */ = {isa = PBXBuildFile; fileRef = 601EE4702A4C5F8500489E8C /* Account+CoreDataProperties.swift */; };
		601EE47A2A4C627B00489E8C /* AddProfile.swift in Sources */ = {isa = PBXBuildFile; fileRef = 601EE4792A4C627B00489E8C /* AddProfile.swift */; };
		601EE47C2A4C62F400489E8C /* DataController.swift in Sources */ = {isa = PBXBuildFile; fileRef = 601EE47B2A4C62F400489E8C /* DataController.swift */; };
		601EE4802A4C6F7500489E8C /* AlertMessage.swift in Sources */ = {isa = PBXBuildFile; fileRef = 601EE47F2A4C6F7500489E8C /* AlertMessage.swift */; };
		601EE4822A4CA86700489E8C /* ProfileView.swift in Sources */ = {isa = PBXBuildFile; fileRef = 601EE4812A4CA86700489E8C /* ProfileView.swift */; };
		601EE4842A4CBB3600489E8C /* AccountRow.swift in Sources */ = {isa = PBXBuildFile; fileRef = 601EE4832A4CBB3600489E8C /* AccountRow.swift */; };
		60273B732A58439D00240592 /* FilteringSheet.swift in Sources */ = {isa = PBXBuildFile; fileRef = 60273B722A58439D00240592 /* FilteringSheet.swift */; };
		604CE7222A555041009E4979 /* TitleAccount.swift in Sources */ = {isa = PBXBuildFile; fileRef = 604CE7212A555040009E4979 /* TitleAccount.swift */; };
		6050327B2A4DD05A0065EE06 /* Transaction+CoreDataClass.swift in Sources */ = {isa = PBXBuildFile; fileRef = 605032772A4DD05A0065EE06 /* Transaction+CoreDataClass.swift */; };
		6050327C2A4DD05A0065EE06 /* Transaction+CoreDataProperties.swift in Sources */ = {isa = PBXBuildFile; fileRef = 605032782A4DD05A0065EE06 /* Transaction+CoreDataProperties.swift */; };
		6050327D2A4DD05A0065EE06 /* Category+CoreDataClass.swift in Sources */ = {isa = PBXBuildFile; fileRef = 605032792A4DD05A0065EE06 /* Category+CoreDataClass.swift */; };
		6050327E2A4DD05A0065EE06 /* Category+CoreDataProperties.swift in Sources */ = {isa = PBXBuildFile; fileRef = 6050327A2A4DD05A0065EE06 /* Category+CoreDataProperties.swift */; };
		605032802A4DD5B30065EE06 /* TransactionCategory.swift in Sources */ = {isa = PBXBuildFile; fileRef = 6050327F2A4DD5B30065EE06 /* TransactionCategory.swift */; };
		605032852A5000030065EE06 /* HeaderAddCardView.swift in Sources */ = {isa = PBXBuildFile; fileRef = 605032842A5000030065EE06 /* HeaderAddCardView.swift */; };
		605032892A501B160065EE06 /* AddView.swift in Sources */ = {isa = PBXBuildFile; fileRef = 605032882A501B160065EE06 /* AddView.swift */; };
		6060AA602A4B119C00FA82EC /* ExpenseTrackerApp.swift in Sources */ = {isa = PBXBuildFile; fileRef = 6060AA5F2A4B119C00FA82EC /* ExpenseTrackerApp.swift */; };
		6060AA622A4B119C00FA82EC /* ContentView.swift in Sources */ = {isa = PBXBuildFile; fileRef = 6060AA612A4B119C00FA82EC /* ContentView.swift */; };
		6060AA642A4B119E00FA82EC /* Assets.xcassets in Resources */ = {isa = PBXBuildFile; fileRef = 6060AA632A4B119E00FA82EC /* Assets.xcassets */; };
		6060AA672A4B119E00FA82EC /* Preview Assets.xcassets in Resources */ = {isa = PBXBuildFile; fileRef = 6060AA662A4B119E00FA82EC /* Preview Assets.xcassets */; };
		6060AA6E2A4B132B00FA82EC /* Extensions.swift in Sources */ = {isa = PBXBuildFile; fileRef = 6060AA6D2A4B132A00FA82EC /* Extensions.swift */; };
		6060AA702A4B3E4700FA82EC /* StartPageView.swift in Sources */ = {isa = PBXBuildFile; fileRef = 6060AA6F2A4B3E4700FA82EC /* StartPageView.swift */; };
		6060AA722A4B526900FA82EC /* HomeView.swift in Sources */ = {isa = PBXBuildFile; fileRef = 6060AA712A4B526900FA82EC /* HomeView.swift */; };
		6060AA7C2A4B68B000FA82EC /* AppTabView.swift in Sources */ = {isa = PBXBuildFile; fileRef = 6060AA7B2A4B68B000FA82EC /* AppTabView.swift */; };
		6062E18A2A585DFE00EA40AB /* TestView.swift in Sources */ = {isa = PBXBuildFile; fileRef = 6062E1892A585DFE00EA40AB /* TestView.swift */; };
		6096F6512A5407B7007E6650 /* ColorEnum.swift in Sources */ = {isa = PBXBuildFile; fileRef = 6096F6502A5407B7007E6650 /* ColorEnum.swift */; };
		6096F6532A544512007E6650 /* TransactionsChart.swift in Sources */ = {isa = PBXBuildFile; fileRef = 6096F6522A544512007E6650 /* TransactionsChart.swift */; };
		6096F6552A5475EE007E6650 /* OverviewView.swift in Sources */ = {isa = PBXBuildFile; fileRef = 6096F6542A5475EE007E6650 /* OverviewView.swift */; };
		6096F6592A548A9B007E6650 /* FilteredTransactionsView.swift in Sources */ = {isa = PBXBuildFile; fileRef = 6096F6582A548A9B007E6650 /* FilteredTransactionsView.swift */; };
		60B6A1CB2A53000C00F7C05A /* AccountListView.swift in Sources */ = {isa = PBXBuildFile; fileRef = 60B6A1CA2A53000C00F7C05A /* AccountListView.swift */; };
		60B6A1CE2A53042E00F7C05A /* NewProfileOrAccount.swift in Sources */ = {isa = PBXBuildFile; fileRef = 60B6A1CD2A53042E00F7C05A /* NewProfileOrAccount.swift */; };
		60B6A1D12A53311200F7C05A /* FormModifier.swift in Sources */ = {isa = PBXBuildFile; fileRef = 60B6A1D02A53311200F7C05A /* FormModifier.swift */; };
/* End PBXBuildFile section */

/* Begin PBXFileReference section */
		600F98702A55E6930015A228 /* AccountListPopOverView.swift */ = {isa = PBXFileReference; lastKnownFileType = sourcecode.swift; path = AccountListPopOverView.swift; sourceTree = "<group>"; };
		600F98722A56E8A20015A228 /* CustomTabView.swift */ = {isa = PBXFileReference; lastKnownFileType = sourcecode.swift; path = CustomTabView.swift; sourceTree = "<group>"; };
		600F98742A56E9ED0015A228 /* ManualCustomTabBar.swift */ = {isa = PBXFileReference; lastKnownFileType = sourcecode.swift; path = ManualCustomTabBar.swift; sourceTree = "<group>"; };
		600F98762A56EADA0015A228 /* Tabs.swift */ = {isa = PBXFileReference; lastKnownFileType = sourcecode.swift; path = Tabs.swift; sourceTree = "<group>"; };
		600F98782A56ED5F0015A228 /* SingleItem.swift */ = {isa = PBXFileReference; lastKnownFileType = sourcecode.swift; path = SingleItem.swift; sourceTree = "<group>"; };
		600F98802A57239F0015A228 /* CustomTabBar.swift */ = {isa = PBXFileReference; lastKnownFileType = sourcecode.swift; path = CustomTabBar.swift; sourceTree = "<group>"; };
		600F98832A572BE30015A228 /* CustomTabBarStyle.swift */ = {isa = PBXFileReference; lastKnownFileType = sourcecode.swift; path = CustomTabBarStyle.swift; sourceTree = "<group>"; };
		600F98852A572D3A0015A228 /* CustomTabItemStyle.swift */ = {isa = PBXFileReference; lastKnownFileType = sourcecode.swift; path = CustomTabItemStyle.swift; sourceTree = "<group>"; };
		601EE4672A4C57D600489E8C /* ExpenseTracker.xcdatamodel */ = {isa = PBXFileReference; lastKnownFileType = wrapper.xcdatamodel; path = ExpenseTracker.xcdatamodel; sourceTree = "<group>"; };
		601EE46B2A4C5F8500489E8C /* Profile+CoreDataClass.swift */ = {isa = PBXFileReference; lastKnownFileType = sourcecode.swift; path = "Profile+CoreDataClass.swift"; sourceTree = SOURCE_ROOT; };
		601EE46C2A4C5F8500489E8C /* Profile+CoreDataProperties.swift */ = {isa = PBXFileReference; lastKnownFileType = sourcecode.swift; path = "Profile+CoreDataProperties.swift"; sourceTree = SOURCE_ROOT; };
		601EE46F2A4C5F8500489E8C /* Account+CoreDataClass.swift */ = {isa = PBXFileReference; lastKnownFileType = sourcecode.swift; path = "Account+CoreDataClass.swift"; sourceTree = SOURCE_ROOT; };
		601EE4702A4C5F8500489E8C /* Account+CoreDataProperties.swift */ = {isa = PBXFileReference; lastKnownFileType = sourcecode.swift; path = "Account+CoreDataProperties.swift"; sourceTree = SOURCE_ROOT; };
		601EE4792A4C627B00489E8C /* AddProfile.swift */ = {isa = PBXFileReference; lastKnownFileType = sourcecode.swift; path = AddProfile.swift; sourceTree = "<group>"; };
		601EE47B2A4C62F400489E8C /* DataController.swift */ = {isa = PBXFileReference; lastKnownFileType = sourcecode.swift; path = DataController.swift; sourceTree = "<group>"; };
		601EE47F2A4C6F7500489E8C /* AlertMessage.swift */ = {isa = PBXFileReference; lastKnownFileType = sourcecode.swift; path = AlertMessage.swift; sourceTree = "<group>"; };
		601EE4812A4CA86700489E8C /* ProfileView.swift */ = {isa = PBXFileReference; lastKnownFileType = sourcecode.swift; path = ProfileView.swift; sourceTree = "<group>"; };
		601EE4832A4CBB3600489E8C /* AccountRow.swift */ = {isa = PBXFileReference; lastKnownFileType = sourcecode.swift; path = AccountRow.swift; sourceTree = "<group>"; };
		60273B722A58439D00240592 /* FilteringSheet.swift */ = {isa = PBXFileReference; lastKnownFileType = sourcecode.swift; path = FilteringSheet.swift; sourceTree = "<group>"; };
		604CE7212A555040009E4979 /* TitleAccount.swift */ = {isa = PBXFileReference; lastKnownFileType = sourcecode.swift; path = TitleAccount.swift; sourceTree = "<group>"; };
		605032772A4DD05A0065EE06 /* Transaction+CoreDataClass.swift */ = {isa = PBXFileReference; lastKnownFileType = sourcecode.swift; path = "Transaction+CoreDataClass.swift"; sourceTree = SOURCE_ROOT; };
		605032782A4DD05A0065EE06 /* Transaction+CoreDataProperties.swift */ = {isa = PBXFileReference; lastKnownFileType = sourcecode.swift; path = "Transaction+CoreDataProperties.swift"; sourceTree = SOURCE_ROOT; };
		605032792A4DD05A0065EE06 /* Category+CoreDataClass.swift */ = {isa = PBXFileReference; lastKnownFileType = sourcecode.swift; path = "Category+CoreDataClass.swift"; sourceTree = SOURCE_ROOT; };
		6050327A2A4DD05A0065EE06 /* Category+CoreDataProperties.swift */ = {isa = PBXFileReference; lastKnownFileType = sourcecode.swift; path = "Category+CoreDataProperties.swift"; sourceTree = SOURCE_ROOT; };
		6050327F2A4DD5B30065EE06 /* TransactionCategory.swift */ = {isa = PBXFileReference; lastKnownFileType = sourcecode.swift; path = TransactionCategory.swift; sourceTree = "<group>"; };
		605032842A5000030065EE06 /* HeaderAddCardView.swift */ = {isa = PBXFileReference; lastKnownFileType = sourcecode.swift; path = HeaderAddCardView.swift; sourceTree = "<group>"; };
		605032882A501B160065EE06 /* AddView.swift */ = {isa = PBXFileReference; lastKnownFileType = sourcecode.swift; path = AddView.swift; sourceTree = "<group>"; };
		6060AA5C2A4B119C00FA82EC /* ExpenseTracker.app */ = {isa = PBXFileReference; explicitFileType = wrapper.application; includeInIndex = 0; path = ExpenseTracker.app; sourceTree = BUILT_PRODUCTS_DIR; };
		6060AA5F2A4B119C00FA82EC /* ExpenseTrackerApp.swift */ = {isa = PBXFileReference; lastKnownFileType = sourcecode.swift; path = ExpenseTrackerApp.swift; sourceTree = "<group>"; };
		6060AA612A4B119C00FA82EC /* ContentView.swift */ = {isa = PBXFileReference; lastKnownFileType = sourcecode.swift; path = ContentView.swift; sourceTree = "<group>"; };
		6060AA632A4B119E00FA82EC /* Assets.xcassets */ = {isa = PBXFileReference; lastKnownFileType = folder.assetcatalog; path = Assets.xcassets; sourceTree = "<group>"; };
		6060AA662A4B119E00FA82EC /* Preview Assets.xcassets */ = {isa = PBXFileReference; lastKnownFileType = folder.assetcatalog; path = "Preview Assets.xcassets"; sourceTree = "<group>"; };
		6060AA6D2A4B132A00FA82EC /* Extensions.swift */ = {isa = PBXFileReference; lastKnownFileType = sourcecode.swift; path = Extensions.swift; sourceTree = "<group>"; };
		6060AA6F2A4B3E4700FA82EC /* StartPageView.swift */ = {isa = PBXFileReference; lastKnownFileType = sourcecode.swift; path = StartPageView.swift; sourceTree = "<group>"; };
		6060AA712A4B526900FA82EC /* HomeView.swift */ = {isa = PBXFileReference; lastKnownFileType = sourcecode.swift; path = HomeView.swift; sourceTree = "<group>"; };
		6060AA7B2A4B68B000FA82EC /* AppTabView.swift */ = {isa = PBXFileReference; lastKnownFileType = sourcecode.swift; path = AppTabView.swift; sourceTree = "<group>"; };
		6062E1892A585DFE00EA40AB /* TestView.swift */ = {isa = PBXFileReference; lastKnownFileType = sourcecode.swift; path = TestView.swift; sourceTree = "<group>"; };
		6096F6502A5407B7007E6650 /* ColorEnum.swift */ = {isa = PBXFileReference; lastKnownFileType = sourcecode.swift; path = ColorEnum.swift; sourceTree = "<group>"; };
		6096F6522A544512007E6650 /* TransactionsChart.swift */ = {isa = PBXFileReference; lastKnownFileType = sourcecode.swift; path = TransactionsChart.swift; sourceTree = "<group>"; };
		6096F6542A5475EE007E6650 /* OverviewView.swift */ = {isa = PBXFileReference; lastKnownFileType = sourcecode.swift; path = OverviewView.swift; sourceTree = "<group>"; };
		6096F6582A548A9B007E6650 /* FilteredTransactionsView.swift */ = {isa = PBXFileReference; fileEncoding = 4; lastKnownFileType = sourcecode.swift; path = FilteredTransactionsView.swift; sourceTree = "<group>"; };
		60B6A1CA2A53000C00F7C05A /* AccountListView.swift */ = {isa = PBXFileReference; lastKnownFileType = sourcecode.swift; path = AccountListView.swift; sourceTree = "<group>"; };
		60B6A1CD2A53042E00F7C05A /* NewProfileOrAccount.swift */ = {isa = PBXFileReference; lastKnownFileType = sourcecode.swift; path = NewProfileOrAccount.swift; sourceTree = "<group>"; };
		60B6A1D02A53311200F7C05A /* FormModifier.swift */ = {isa = PBXFileReference; lastKnownFileType = sourcecode.swift; path = FormModifier.swift; sourceTree = "<group>"; };
/* End PBXFileReference section */

/* Begin PBXFrameworksBuildPhase section */
		6060AA592A4B119C00FA82EC /* Frameworks */ = {
			isa = PBXFrameworksBuildPhase;
			buildActionMask = 2147483647;
			files = (
				600F987E2A5723580015A228 /* TabBar in Frameworks */,
			);
			runOnlyForDeploymentPostprocessing = 0;
		};
/* End PBXFrameworksBuildPhase section */

/* Begin PBXGroup section */
		600F987F2A57237D0015A228 /* Custom */ = {
			isa = PBXGroup;
			children = (
				600F98782A56ED5F0015A228 /* SingleItem.swift */,
				600F98722A56E8A20015A228 /* CustomTabView.swift */,
				600F98742A56E9ED0015A228 /* ManualCustomTabBar.swift */,
			);
			path = Custom;
			sourceTree = "<group>";
		};
		600F98822A572BBD0015A228 /* Styles */ = {
			isa = PBXGroup;
			children = (
				600F98832A572BE30015A228 /* CustomTabBarStyle.swift */,
				600F98852A572D3A0015A228 /* CustomTabItemStyle.swift */,
			);
			path = Styles;
			sourceTree = "<group>";
		};
		601EE4652A4C579900489E8C /* Profile */ = {
			isa = PBXGroup;
			children = (
				601EE4792A4C627B00489E8C /* AddProfile.swift */,
				601EE4812A4CA86700489E8C /* ProfileView.swift */,
			);
			path = Profile;
			sourceTree = "<group>";
		};
		60273B6F2A583A7800240592 /* Filter */ = {
			isa = PBXGroup;
			children = (
				60273B722A58439D00240592 /* FilteringSheet.swift */,
			);
			path = Filter;
			sourceTree = "<group>";
		};
		605032812A4FFC250065EE06 /* AddTransaction */ = {
			isa = PBXGroup;
			children = (
				605032882A501B160065EE06 /* AddView.swift */,
				605032842A5000030065EE06 /* HeaderAddCardView.swift */,
				6062E1892A585DFE00EA40AB /* TestView.swift */,
			);
			path = AddTransaction;
			sourceTree = "<group>";
		};
		6060AA532A4B119C00FA82EC = {
			isa = PBXGroup;
			children = (
				6060AA5E2A4B119C00FA82EC /* ExpenseTracker */,
				6060AA5D2A4B119C00FA82EC /* Products */,
			);
			sourceTree = "<group>";
		};
		6060AA5D2A4B119C00FA82EC /* Products */ = {
			isa = PBXGroup;
			children = (
				6060AA5C2A4B119C00FA82EC /* ExpenseTracker.app */,
			);
			name = Products;
			sourceTree = "<group>";
		};
		6060AA5E2A4B119C00FA82EC /* ExpenseTracker */ = {
			isa = PBXGroup;
			children = (
				6060AA752A4B52D300FA82EC /* Models */,
				6060AA742A4B52C600FA82EC /* Views */,
				6060AA5F2A4B119C00FA82EC /* ExpenseTrackerApp.swift */,
				6060AA612A4B119C00FA82EC /* ContentView.swift */,
				6060AA6D2A4B132A00FA82EC /* Extensions.swift */,
				6050327F2A4DD5B30065EE06 /* TransactionCategory.swift */,
				6060AA632A4B119E00FA82EC /* Assets.xcassets */,
				6060AA652A4B119E00FA82EC /* Preview Content */,
			);
			path = ExpenseTracker;
			sourceTree = "<group>";
		};
		6060AA652A4B119E00FA82EC /* Preview Content */ = {
			isa = PBXGroup;
			children = (
				6060AA662A4B119E00FA82EC /* Preview Assets.xcassets */,
			);
			path = "Preview Content";
			sourceTree = "<group>";
		};
		6060AA732A4B52BA00FA82EC /* HomeView */ = {
			isa = PBXGroup;
			children = (
				6060AA712A4B526900FA82EC /* HomeView.swift */,
				6096F6522A544512007E6650 /* TransactionsChart.swift */,
				600F98702A55E6930015A228 /* AccountListPopOverView.swift */,
			);
			path = HomeView;
			sourceTree = "<group>";
		};
		6060AA742A4B52C600FA82EC /* Views */ = {
			isa = PBXGroup;
			children = (
				60273B6F2A583A7800240592 /* Filter */,
				60B6A1CF2A5330F700F7C05A /* Modifiers */,
				60B6A1CC2A5303F700F7C05A /* Components */,
				60B6A1C92A52FFFB00F7C05A /* Account */,
				605032812A4FFC250065EE06 /* AddTransaction */,
				601EE4652A4C579900489E8C /* Profile */,
				6060AA732A4B52BA00FA82EC /* HomeView */,
				6060AA7A2A4B688100FA82EC /* TabView */,
				6060AA6F2A4B3E4700FA82EC /* StartPageView.swift */,
				601EE47F2A4C6F7500489E8C /* AlertMessage.swift */,
			);
			path = Views;
			sourceTree = "<group>";
		};
		6060AA752A4B52D300FA82EC /* Models */ = {
			isa = PBXGroup;
			children = (
				605032772A4DD05A0065EE06 /* Transaction+CoreDataClass.swift */,
				605032782A4DD05A0065EE06 /* Transaction+CoreDataProperties.swift */,
				605032792A4DD05A0065EE06 /* Category+CoreDataClass.swift */,
				6050327A2A4DD05A0065EE06 /* Category+CoreDataProperties.swift */,
				601EE46B2A4C5F8500489E8C /* Profile+CoreDataClass.swift */,
				601EE46C2A4C5F8500489E8C /* Profile+CoreDataProperties.swift */,
				601EE46F2A4C5F8500489E8C /* Account+CoreDataClass.swift */,
				601EE4702A4C5F8500489E8C /* Account+CoreDataProperties.swift */,
				601EE4662A4C57D600489E8C /* ExpenseTracker.xcdatamodeld */,
				601EE47B2A4C62F400489E8C /* DataController.swift */,
			);
			path = Models;
			sourceTree = "<group>";
		};
		6060AA7A2A4B688100FA82EC /* TabView */ = {
			isa = PBXGroup;
			children = (
				600F98822A572BBD0015A228 /* Styles */,
				6060AA7B2A4B68B000FA82EC /* AppTabView.swift */,
				600F987F2A57237D0015A228 /* Custom */,
				600F98762A56EADA0015A228 /* Tabs.swift */,
				600F98802A57239F0015A228 /* CustomTabBar.swift */,
			);
			path = TabView;
			sourceTree = "<group>";
		};
		60B6A1C92A52FFFB00F7C05A /* Account */ = {
			isa = PBXGroup;
			children = (
				60B6A1CA2A53000C00F7C05A /* AccountListView.swift */,
				601EE4832A4CBB3600489E8C /* AccountRow.swift */,
				604CE7212A555040009E4979 /* TitleAccount.swift */,
			);
			path = Account;
			sourceTree = "<group>";
		};
		60B6A1CC2A5303F700F7C05A /* Components */ = {
			isa = PBXGroup;
			children = (
				6096F6582A548A9B007E6650 /* FilteredTransactionsView.swift */,
				60B6A1CD2A53042E00F7C05A /* NewProfileOrAccount.swift */,
				6096F6502A5407B7007E6650 /* ColorEnum.swift */,
				6096F6542A5475EE007E6650 /* OverviewView.swift */,
			);
			path = Components;
			sourceTree = "<group>";
		};
		60B6A1CF2A5330F700F7C05A /* Modifiers */ = {
			isa = PBXGroup;
			children = (
				60B6A1D02A53311200F7C05A /* FormModifier.swift */,
			);
			path = Modifiers;
			sourceTree = "<group>";
		};
/* End PBXGroup section */

/* Begin PBXNativeTarget section */
		6060AA5B2A4B119C00FA82EC /* ExpenseTracker */ = {
			isa = PBXNativeTarget;
			buildConfigurationList = 6060AA6A2A4B119E00FA82EC /* Build configuration list for PBXNativeTarget "ExpenseTracker" */;
			buildPhases = (
				6060AA582A4B119C00FA82EC /* Sources */,
				6060AA592A4B119C00FA82EC /* Frameworks */,
				6060AA5A2A4B119C00FA82EC /* Resources */,
			);
			buildRules = (
			);
			dependencies = (
			);
			name = ExpenseTracker;
			packageProductDependencies = (
				600F987D2A5723580015A228 /* TabBar */,
			);
			productName = ExpenseTracker;
			productReference = 6060AA5C2A4B119C00FA82EC /* ExpenseTracker.app */;
			productType = "com.apple.product-type.application";
		};
/* End PBXNativeTarget section */

/* Begin PBXProject section */
		6060AA542A4B119C00FA82EC /* Project object */ = {
			isa = PBXProject;
			attributes = {
				BuildIndependentTargetsInParallel = 1;
				LastSwiftUpdateCheck = 1430;
				LastUpgradeCheck = 1430;
				TargetAttributes = {
					6060AA5B2A4B119C00FA82EC = {
						CreatedOnToolsVersion = 14.3.1;
					};
				};
			};
			buildConfigurationList = 6060AA572A4B119C00FA82EC /* Build configuration list for PBXProject "ExpenseTracker" */;
			compatibilityVersion = "Xcode 14.0";
			developmentRegion = en;
			hasScannedForEncodings = 0;
			knownRegions = (
				en,
				Base,
			);
			mainGroup = 6060AA532A4B119C00FA82EC;
			packageReferences = (
				600F987C2A5723580015A228 /* XCRemoteSwiftPackageReference "TabBar" */,
			);
			productRefGroup = 6060AA5D2A4B119C00FA82EC /* Products */;
			projectDirPath = "";
			projectRoot = "";
			targets = (
				6060AA5B2A4B119C00FA82EC /* ExpenseTracker */,
			);
		};
/* End PBXProject section */

/* Begin PBXResourcesBuildPhase section */
		6060AA5A2A4B119C00FA82EC /* Resources */ = {
			isa = PBXResourcesBuildPhase;
			buildActionMask = 2147483647;
			files = (
				6060AA672A4B119E00FA82EC /* Preview Assets.xcassets in Resources */,
				6060AA642A4B119E00FA82EC /* Assets.xcassets in Resources */,
			);
			runOnlyForDeploymentPostprocessing = 0;
		};
/* End PBXResourcesBuildPhase section */

/* Begin PBXSourcesBuildPhase section */
		6060AA582A4B119C00FA82EC /* Sources */ = {
			isa = PBXSourcesBuildPhase;
			buildActionMask = 2147483647;
			files = (
				6062E18A2A585DFE00EA40AB /* TestView.swift in Sources */,
				6050327C2A4DD05A0065EE06 /* Transaction+CoreDataProperties.swift in Sources */,
				605032892A501B160065EE06 /* AddView.swift in Sources */,
				600F98812A57239F0015A228 /* CustomTabBar.swift in Sources */,
				600F98792A56ED5F0015A228 /* SingleItem.swift in Sources */,
				600F98712A55E6930015A228 /* AccountListPopOverView.swift in Sources */,
				6060AA622A4B119C00FA82EC /* ContentView.swift in Sources */,
				6060AA702A4B3E4700FA82EC /* StartPageView.swift in Sources */,
				6060AA6E2A4B132B00FA82EC /* Extensions.swift in Sources */,
				601EE4682A4C57D600489E8C /* ExpenseTracker.xcdatamodeld in Sources */,
				60B6A1D12A53311200F7C05A /* FormModifier.swift in Sources */,
				600F98842A572BE30015A228 /* CustomTabBarStyle.swift in Sources */,
				6096F6532A544512007E6650 /* TransactionsChart.swift in Sources */,
				60273B732A58439D00240592 /* FilteringSheet.swift in Sources */,
				6096F6552A5475EE007E6650 /* OverviewView.swift in Sources */,
				600F98862A572D3A0015A228 /* CustomTabItemStyle.swift in Sources */,
				604CE7222A555041009E4979 /* TitleAccount.swift in Sources */,
				601EE4802A4C6F7500489E8C /* AlertMessage.swift in Sources */,
				600F98772A56EADA0015A228 /* Tabs.swift in Sources */,
				6096F6512A5407B7007E6650 /* ColorEnum.swift in Sources */,
				601EE4772A4C5F8500489E8C /* Account+CoreDataClass.swift in Sources */,
				601EE4822A4CA86700489E8C /* ProfileView.swift in Sources */,
				605032802A4DD5B30065EE06 /* TransactionCategory.swift in Sources */,
				6050327B2A4DD05A0065EE06 /* Transaction+CoreDataClass.swift in Sources */,
				60B6A1CE2A53042E00F7C05A /* NewProfileOrAccount.swift in Sources */,
				601EE4732A4C5F8500489E8C /* Profile+CoreDataClass.swift in Sources */,
				601EE47C2A4C62F400489E8C /* DataController.swift in Sources */,
				605032852A5000030065EE06 /* HeaderAddCardView.swift in Sources */,
				6096F6592A548A9B007E6650 /* FilteredTransactionsView.swift in Sources */,
				601EE4782A4C5F8500489E8C /* Account+CoreDataProperties.swift in Sources */,
				601EE47A2A4C627B00489E8C /* AddProfile.swift in Sources */,
				601EE4742A4C5F8500489E8C /* Profile+CoreDataProperties.swift in Sources */,
				60B6A1CB2A53000C00F7C05A /* AccountListView.swift in Sources */,
				600F98732A56E8A20015A228 /* CustomTabView.swift in Sources */,
				6050327D2A4DD05A0065EE06 /* Category+CoreDataClass.swift in Sources */,
				6050327E2A4DD05A0065EE06 /* Category+CoreDataProperties.swift in Sources */,
				600F98752A56E9ED0015A228 /* ManualCustomTabBar.swift in Sources */,
				601EE4842A4CBB3600489E8C /* AccountRow.swift in Sources */,
				6060AA722A4B526900FA82EC /* HomeView.swift in Sources */,
				6060AA7C2A4B68B000FA82EC /* AppTabView.swift in Sources */,
				6060AA602A4B119C00FA82EC /* ExpenseTrackerApp.swift in Sources */,
			);
			runOnlyForDeploymentPostprocessing = 0;
		};
/* End PBXSourcesBuildPhase section */

/* Begin XCBuildConfiguration section */
		6060AA682A4B119E00FA82EC /* Debug */ = {
			isa = XCBuildConfiguration;
			buildSettings = {
				ALWAYS_SEARCH_USER_PATHS = NO;
				CLANG_ANALYZER_NONNULL = YES;
				CLANG_ANALYZER_NUMBER_OBJECT_CONVERSION = YES_AGGRESSIVE;
				CLANG_CXX_LANGUAGE_STANDARD = "gnu++20";
				CLANG_ENABLE_MODULES = YES;
				CLANG_ENABLE_OBJC_ARC = YES;
				CLANG_ENABLE_OBJC_WEAK = YES;
				CLANG_WARN_BLOCK_CAPTURE_AUTORELEASING = YES;
				CLANG_WARN_BOOL_CONVERSION = YES;
				CLANG_WARN_COMMA = YES;
				CLANG_WARN_CONSTANT_CONVERSION = YES;
				CLANG_WARN_DEPRECATED_OBJC_IMPLEMENTATIONS = YES;
				CLANG_WARN_DIRECT_OBJC_ISA_USAGE = YES_ERROR;
				CLANG_WARN_DOCUMENTATION_COMMENTS = YES;
				CLANG_WARN_EMPTY_BODY = YES;
				CLANG_WARN_ENUM_CONVERSION = YES;
				CLANG_WARN_INFINITE_RECURSION = YES;
				CLANG_WARN_INT_CONVERSION = YES;
				CLANG_WARN_NON_LITERAL_NULL_CONVERSION = YES;
				CLANG_WARN_OBJC_IMPLICIT_RETAIN_SELF = YES;
				CLANG_WARN_OBJC_LITERAL_CONVERSION = YES;
				CLANG_WARN_OBJC_ROOT_CLASS = YES_ERROR;
				CLANG_WARN_QUOTED_INCLUDE_IN_FRAMEWORK_HEADER = YES;
				CLANG_WARN_RANGE_LOOP_ANALYSIS = YES;
				CLANG_WARN_STRICT_PROTOTYPES = YES;
				CLANG_WARN_SUSPICIOUS_MOVE = YES;
				CLANG_WARN_UNGUARDED_AVAILABILITY = YES_AGGRESSIVE;
				CLANG_WARN_UNREACHABLE_CODE = YES;
				CLANG_WARN__DUPLICATE_METHOD_MATCH = YES;
				COPY_PHASE_STRIP = NO;
				DEBUG_INFORMATION_FORMAT = dwarf;
				ENABLE_STRICT_OBJC_MSGSEND = YES;
				ENABLE_TESTABILITY = YES;
				GCC_C_LANGUAGE_STANDARD = gnu11;
				GCC_DYNAMIC_NO_PIC = NO;
				GCC_NO_COMMON_BLOCKS = YES;
				GCC_OPTIMIZATION_LEVEL = 0;
				GCC_PREPROCESSOR_DEFINITIONS = (
					"DEBUG=1",
					"$(inherited)",
				);
				GCC_WARN_64_TO_32_BIT_CONVERSION = YES;
				GCC_WARN_ABOUT_RETURN_TYPE = YES_ERROR;
				GCC_WARN_UNDECLARED_SELECTOR = YES;
				GCC_WARN_UNINITIALIZED_AUTOS = YES_AGGRESSIVE;
				GCC_WARN_UNUSED_FUNCTION = YES;
				GCC_WARN_UNUSED_VARIABLE = YES;
				IPHONEOS_DEPLOYMENT_TARGET = 16.4;
				MTL_ENABLE_DEBUG_INFO = INCLUDE_SOURCE;
				MTL_FAST_MATH = YES;
				ONLY_ACTIVE_ARCH = YES;
				SDKROOT = iphoneos;
				SWIFT_ACTIVE_COMPILATION_CONDITIONS = DEBUG;
				SWIFT_OPTIMIZATION_LEVEL = "-Onone";
			};
			name = Debug;
		};
		6060AA692A4B119E00FA82EC /* Release */ = {
			isa = XCBuildConfiguration;
			buildSettings = {
				ALWAYS_SEARCH_USER_PATHS = NO;
				CLANG_ANALYZER_NONNULL = YES;
				CLANG_ANALYZER_NUMBER_OBJECT_CONVERSION = YES_AGGRESSIVE;
				CLANG_CXX_LANGUAGE_STANDARD = "gnu++20";
				CLANG_ENABLE_MODULES = YES;
				CLANG_ENABLE_OBJC_ARC = YES;
				CLANG_ENABLE_OBJC_WEAK = YES;
				CLANG_WARN_BLOCK_CAPTURE_AUTORELEASING = YES;
				CLANG_WARN_BOOL_CONVERSION = YES;
				CLANG_WARN_COMMA = YES;
				CLANG_WARN_CONSTANT_CONVERSION = YES;
				CLANG_WARN_DEPRECATED_OBJC_IMPLEMENTATIONS = YES;
				CLANG_WARN_DIRECT_OBJC_ISA_USAGE = YES_ERROR;
				CLANG_WARN_DOCUMENTATION_COMMENTS = YES;
				CLANG_WARN_EMPTY_BODY = YES;
				CLANG_WARN_ENUM_CONVERSION = YES;
				CLANG_WARN_INFINITE_RECURSION = YES;
				CLANG_WARN_INT_CONVERSION = YES;
				CLANG_WARN_NON_LITERAL_NULL_CONVERSION = YES;
				CLANG_WARN_OBJC_IMPLICIT_RETAIN_SELF = YES;
				CLANG_WARN_OBJC_LITERAL_CONVERSION = YES;
				CLANG_WARN_OBJC_ROOT_CLASS = YES_ERROR;
				CLANG_WARN_QUOTED_INCLUDE_IN_FRAMEWORK_HEADER = YES;
				CLANG_WARN_RANGE_LOOP_ANALYSIS = YES;
				CLANG_WARN_STRICT_PROTOTYPES = YES;
				CLANG_WARN_SUSPICIOUS_MOVE = YES;
				CLANG_WARN_UNGUARDED_AVAILABILITY = YES_AGGRESSIVE;
				CLANG_WARN_UNREACHABLE_CODE = YES;
				CLANG_WARN__DUPLICATE_METHOD_MATCH = YES;
				COPY_PHASE_STRIP = NO;
				DEBUG_INFORMATION_FORMAT = "dwarf-with-dsym";
				ENABLE_NS_ASSERTIONS = NO;
				ENABLE_STRICT_OBJC_MSGSEND = YES;
				GCC_C_LANGUAGE_STANDARD = gnu11;
				GCC_NO_COMMON_BLOCKS = YES;
				GCC_WARN_64_TO_32_BIT_CONVERSION = YES;
				GCC_WARN_ABOUT_RETURN_TYPE = YES_ERROR;
				GCC_WARN_UNDECLARED_SELECTOR = YES;
				GCC_WARN_UNINITIALIZED_AUTOS = YES_AGGRESSIVE;
				GCC_WARN_UNUSED_FUNCTION = YES;
				GCC_WARN_UNUSED_VARIABLE = YES;
				IPHONEOS_DEPLOYMENT_TARGET = 16.4;
				MTL_ENABLE_DEBUG_INFO = NO;
				MTL_FAST_MATH = YES;
				SDKROOT = iphoneos;
				SWIFT_COMPILATION_MODE = wholemodule;
				SWIFT_OPTIMIZATION_LEVEL = "-O";
				VALIDATE_PRODUCT = YES;
			};
			name = Release;
		};
		6060AA6B2A4B119E00FA82EC /* Debug */ = {
			isa = XCBuildConfiguration;
			buildSettings = {
				ASSETCATALOG_COMPILER_APPICON_NAME = AppIcon;
				ASSETCATALOG_COMPILER_GLOBAL_ACCENT_COLOR_NAME = AccentColor;
				CODE_SIGN_STYLE = Automatic;
				CURRENT_PROJECT_VERSION = 1;
				DEVELOPMENT_ASSET_PATHS = "\"ExpenseTracker/Preview Content\"";
				DEVELOPMENT_TEAM = 38FQM24R3N;
				ENABLE_PREVIEWS = YES;
				GENERATE_INFOPLIST_FILE = YES;
				INFOPLIST_KEY_UIApplicationSceneManifest_Generation = YES;
				INFOPLIST_KEY_UIApplicationSupportsIndirectInputEvents = YES;
				INFOPLIST_KEY_UILaunchScreen_Generation = YES;
				INFOPLIST_KEY_UISupportedInterfaceOrientations_iPad = "UIInterfaceOrientationPortrait UIInterfaceOrientationPortraitUpsideDown UIInterfaceOrientationLandscapeLeft UIInterfaceOrientationLandscapeRight";
				INFOPLIST_KEY_UISupportedInterfaceOrientations_iPhone = "UIInterfaceOrientationPortrait UIInterfaceOrientationLandscapeLeft UIInterfaceOrientationLandscapeRight";
				LD_RUNPATH_SEARCH_PATHS = (
					"$(inherited)",
					"@executable_path/Frameworks",
				);
				MARKETING_VERSION = 1.0;
				PRODUCT_BUNDLE_IDENTIFIER = falyRakotomaharo.ExpenseTracker;
				PRODUCT_NAME = "$(TARGET_NAME)";
				SWIFT_EMIT_LOC_STRINGS = YES;
				SWIFT_VERSION = 5.0;
				TARGETED_DEVICE_FAMILY = "1,2";
			};
			name = Debug;
		};
		6060AA6C2A4B119E00FA82EC /* Release */ = {
			isa = XCBuildConfiguration;
			buildSettings = {
				ASSETCATALOG_COMPILER_APPICON_NAME = AppIcon;
				ASSETCATALOG_COMPILER_GLOBAL_ACCENT_COLOR_NAME = AccentColor;
				CODE_SIGN_STYLE = Automatic;
				CURRENT_PROJECT_VERSION = 1;
				DEVELOPMENT_ASSET_PATHS = "\"ExpenseTracker/Preview Content\"";
				DEVELOPMENT_TEAM = 38FQM24R3N;
				ENABLE_PREVIEWS = YES;
				GENERATE_INFOPLIST_FILE = YES;
				INFOPLIST_KEY_UIApplicationSceneManifest_Generation = YES;
				INFOPLIST_KEY_UIApplicationSupportsIndirectInputEvents = YES;
				INFOPLIST_KEY_UILaunchScreen_Generation = YES;
				INFOPLIST_KEY_UISupportedInterfaceOrientations_iPad = "UIInterfaceOrientationPortrait UIInterfaceOrientationPortraitUpsideDown UIInterfaceOrientationLandscapeLeft UIInterfaceOrientationLandscapeRight";
				INFOPLIST_KEY_UISupportedInterfaceOrientations_iPhone = "UIInterfaceOrientationPortrait UIInterfaceOrientationLandscapeLeft UIInterfaceOrientationLandscapeRight";
				LD_RUNPATH_SEARCH_PATHS = (
					"$(inherited)",
					"@executable_path/Frameworks",
				);
				MARKETING_VERSION = 1.0;
				PRODUCT_BUNDLE_IDENTIFIER = falyRakotomaharo.ExpenseTracker;
				PRODUCT_NAME = "$(TARGET_NAME)";
				SWIFT_EMIT_LOC_STRINGS = YES;
				SWIFT_VERSION = 5.0;
				TARGETED_DEVICE_FAMILY = "1,2";
			};
			name = Release;
		};
/* End XCBuildConfiguration section */

/* Begin XCConfigurationList section */
		6060AA572A4B119C00FA82EC /* Build configuration list for PBXProject "ExpenseTracker" */ = {
			isa = XCConfigurationList;
			buildConfigurations = (
				6060AA682A4B119E00FA82EC /* Debug */,
				6060AA692A4B119E00FA82EC /* Release */,
			);
			defaultConfigurationIsVisible = 0;
			defaultConfigurationName = Release;
		};
		6060AA6A2A4B119E00FA82EC /* Build configuration list for PBXNativeTarget "ExpenseTracker" */ = {
			isa = XCConfigurationList;
			buildConfigurations = (
				6060AA6B2A4B119E00FA82EC /* Debug */,
				6060AA6C2A4B119E00FA82EC /* Release */,
			);
			defaultConfigurationIsVisible = 0;
			defaultConfigurationName = Release;
		};
/* End XCConfigurationList section */

/* Begin XCRemoteSwiftPackageReference section */
		600F987C2A5723580015A228 /* XCRemoteSwiftPackageReference "TabBar" */ = {
			isa = XCRemoteSwiftPackageReference;
			repositoryURL = "https://github.com/onl1ner/TabBar.git";
			requirement = {
				kind = upToNextMajorVersion;
				minimumVersion = 1.0.0;
			};
		};
/* End XCRemoteSwiftPackageReference section */

/* Begin XCSwiftPackageProductDependency section */
		600F987D2A5723580015A228 /* TabBar */ = {
			isa = XCSwiftPackageProductDependency;
			package = 600F987C2A5723580015A228 /* XCRemoteSwiftPackageReference "TabBar" */;
			productName = TabBar;
		};
/* End XCSwiftPackageProductDependency section */

/* Begin XCVersionGroup section */
		601EE4662A4C57D600489E8C /* ExpenseTracker.xcdatamodeld */ = {
			isa = XCVersionGroup;
			children = (
				601EE4672A4C57D600489E8C /* ExpenseTracker.xcdatamodel */,
			);
			currentVersion = 601EE4672A4C57D600489E8C /* ExpenseTracker.xcdatamodel */;
			path = ExpenseTracker.xcdatamodeld;
			sourceTree = "<group>";
			versionGroupType = wrapper.xcdatamodel;
		};
/* End XCVersionGroup section */
	};
	rootObject = 6060AA542A4B119C00FA82EC /* Project object */;
}
